
Microsoft Visual Studio Solution File, Format Version 12.00
# Visual Studio Version 17
VisualStudioVersion = 17.8.34601.278
MinimumVisualStudioVersion = 10.0.40219.1
Project("{888888A0-9F3D-457C-B088-3A5042F75D52}") = "AES", "AES.pyproj", "{26F66F8F-F0DC-4BE7-A615-3D25F6524403}"
EndProject
Global
	GlobalSection(SolutionConfigurationPlatforms) = preSolution
		Debug|Any CPU = Debug|Any CPU
		Release|Any CPU = Release|Any CPU
	EndGlobalSection
	GlobalSection(ProjectConfigurationPlatforms) = postSolution
		{26F66F8F-F0DC-4BE7-A615-3D25F6524403}.Debug|Any CPU.ActiveCfg = Debug|Any CPU
		{26F66F8F-F0DC-4BE7-A615-3D25F6524403}.Release|Any CPU.ActiveCfg = Release|Any CPU
	EndGlobalSection
	GlobalSection(SolutionProperties) = preSolution
		HideSolutionNode = FALSE
	EndGlobalSection
	GlobalSection(ExtensibilityGlobals) = postSolution
		SolutionGuid = {C38FA16F-DA59-4E8E-9646-EF19CF31CDC0}
	EndGlobalSection
EndGlobal
